
Microsoft Visual Studio Solution File, Format Version 12.00
# Visual Studio Version 16
VisualStudioVersion = 16.0.28803.156
MinimumVisualStudioVersion = 10.0.40219.1
Project("{FAE04EC0-301F-11D3-BF4B-00C04F79EFBC}") = "AutoTests", "AutoTests\AutoTests.csproj", "{64875D0E-EC72-4FBD-BF1F-4138209CC0E4}"
EndProject
Global
	GlobalSection(SolutionConfigurationPlatforms) = preSolution
		Debug|Any CPU = Debug|Any CPU
		Release|Any CPU = Release|Any CPU
	EndGlobalSection
	GlobalSection(ProjectConfigurationPlatforms) = postSolution
		{64875D0E-EC72-4FBD-BF1F-4138209CC0E4}.Debug|Any CPU.ActiveCfg = Debug|Any CPU
		{64875D0E-EC72-4FBD-BF1F-4138209CC0E4}.Debug|Any CPU.Build.0 = Debug|Any CPU
		{64875D0E-EC72-4FBD-BF1F-4138209CC0E4}.Release|Any CPU.ActiveCfg = Release|Any CPU
		{64875D0E-EC72-4FBD-BF1F-4138209CC0E4}.Release|Any CPU.Build.0 = Release|Any CPU
	EndGlobalSection
	GlobalSection(SolutionProperties) = preSolution
		HideSolutionNode = FALSE
	EndGlobalSection
	GlobalSection(ExtensibilityGlobals) = postSolution
		SolutionGuid = {304CA0A2-4BDD-4473-BA30-AC6AFCD957E9}
	EndGlobalSection
EndGlobal
